
Microsoft Visual Studio Solution File, Format Version 12.00
# Visual Studio 15
VisualStudioVersion = 15.0.28307.1321
MinimumVisualStudioVersion = 10.0.40219.1
Project("{FAE04EC0-301F-11D3-BF4B-00C04F79EFBC}") = "FoodShop", "FoodShop\FoodShop.csproj", "{34B62475-320C-4E9B-823B-5359FF959827}"
EndProject
Global
	GlobalSection(SolutionConfigurationPlatforms) = preSolution
		Debug|Any CPU = Debug|Any CPU
		Release|Any CPU = Release|Any CPU
	EndGlobalSection
	GlobalSection(ProjectConfigurationPlatforms) = postSolution
		{34B62475-320C-4E9B-823B-5359FF959827}.Debug|Any CPU.ActiveCfg = Debug|Any CPU
		{34B62475-320C-4E9B-823B-5359FF959827}.Debug|Any CPU.Build.0 = Debug|Any CPU
		{34B62475-320C-4E9B-823B-5359FF959827}.Release|Any CPU.ActiveCfg = Release|Any CPU
		{34B62475-320C-4E9B-823B-5359FF959827}.Release|Any CPU.Build.0 = Release|Any CPU
	EndGlobalSection
	GlobalSection(SolutionProperties) = preSolution
		HideSolutionNode = FALSE
	EndGlobalSection
	GlobalSection(ExtensibilityGlobals) = postSolution
		SolutionGuid = {970C1399-B905-4D9F-83FF-9F07D6F09DA5}
	EndGlobalSection
EndGlobal
